
Microsoft Visual Studio Solution File, Format Version 12.00
# Visual Studio Version 16
VisualStudioVersion = 16.0.31424.327
MinimumVisualStudioVersion = 10.0.40219.1
Project("{FAE04EC0-301F-11D3-BF4B-00C04F79EFBC}") = "CodeToTest", "CodeToTest\CodeToTest.csproj", "{A79C60DC-E630-460C-9379-33DBC71FB0CA}"
EndProject
Project("{FAE04EC0-301F-11D3-BF4B-00C04F79EFBC}") = "UnitTests", "UnitTests\UnitTests.csproj", "{14FEE75D-C496-47E1-B2DD-59914406D1B9}"
EndProject
Global
	GlobalSection(SolutionConfigurationPlatforms) = preSolution
		Debug|Any CPU = Debug|Any CPU
		Release|Any CPU = Release|Any CPU
	EndGlobalSection
	GlobalSection(ProjectConfigurationPlatforms) = postSolution
		{A79C60DC-E630-460C-9379-33DBC71FB0CA}.Debug|Any CPU.ActiveCfg = Debug|Any CPU
		{A79C60DC-E630-460C-9379-33DBC71FB0CA}.Debug|Any CPU.Build.0 = Debug|Any CPU
		{A79C60DC-E630-460C-9379-33DBC71FB0CA}.Release|Any CPU.ActiveCfg = Release|Any CPU
		{A79C60DC-E630-460C-9379-33DBC71FB0CA}.Release|Any CPU.Build.0 = Release|Any CPU
		{14FEE75D-C496-47E1-B2DD-59914406D1B9}.Debug|Any CPU.ActiveCfg = Debug|Any CPU
		{14FEE75D-C496-47E1-B2DD-59914406D1B9}.Debug|Any CPU.Build.0 = Debug|Any CPU
		{14FEE75D-C496-47E1-B2DD-59914406D1B9}.Release|Any CPU.ActiveCfg = Release|Any CPU
		{14FEE75D-C496-47E1-B2DD-59914406D1B9}.Release|Any CPU.Build.0 = Release|Any CPU
	EndGlobalSection
	GlobalSection(SolutionProperties) = preSolution
		HideSolutionNode = FALSE
	EndGlobalSection
	GlobalSection(ExtensibilityGlobals) = postSolution
		SolutionGuid = {3C7727A2-AD2A-4DA4-83EA-498038B01BF6}
	EndGlobalSection
EndGlobal
